
Microsoft Visual Studio Solution File, Format Version 12.00
# Visual Studio Version 16
VisualStudioVersion = 16.0.31321.278
MinimumVisualStudioVersion = 10.0.40219.1
Project("{FAE04EC0-301F-11D3-BF4B-00C04F79EFBC}") = "Vidly-Final", "Vidly-Final\Vidly-Final.csproj", "{14AD9AD2-DB9F-4DD3-9570-B07D2B5508D1}"
EndProject
Global
	GlobalSection(SolutionConfigurationPlatforms) = preSolution
		Debug|Any CPU = Debug|Any CPU
		Release|Any CPU = Release|Any CPU
	EndGlobalSection
	GlobalSection(ProjectConfigurationPlatforms) = postSolution
		{14AD9AD2-DB9F-4DD3-9570-B07D2B5508D1}.Debug|Any CPU.ActiveCfg = Debug|Any CPU
		{14AD9AD2-DB9F-4DD3-9570-B07D2B5508D1}.Debug|Any CPU.Build.0 = Debug|Any CPU
		{14AD9AD2-DB9F-4DD3-9570-B07D2B5508D1}.Release|Any CPU.ActiveCfg = Release|Any CPU
		{14AD9AD2-DB9F-4DD3-9570-B07D2B5508D1}.Release|Any CPU.Build.0 = Release|Any CPU
	EndGlobalSection
	GlobalSection(SolutionProperties) = preSolution
		HideSolutionNode = FALSE
	EndGlobalSection
	GlobalSection(ExtensibilityGlobals) = postSolution
		SolutionGuid = {1082199C-863F-4065-A8EE-5B4A93B57761}
	EndGlobalSection
EndGlobal
